
Microsoft Visual Studio Solution File, Format Version 12.00
# Visual Studio 2012
Project("{8BC9CEB8-8B4A-11D0-8D11-00A0C91BC942}") = "pai_xu_suan_fa", "pai_xu_suan_fa\pai_xu_suan_fa.vcxproj", "{7C2F6E06-DD25-4F4D-917C-2B87E36A382E}"
EndProject
Global
	GlobalSection(SolutionConfigurationPlatforms) = preSolution
		Debug|Win32 = Debug|Win32
		Release|Win32 = Release|Win32
	EndGlobalSection
	GlobalSection(ProjectConfigurationPlatforms) = postSolution
		{7C2F6E06-DD25-4F4D-917C-2B87E36A382E}.Debug|Win32.ActiveCfg = Debug|Win32
		{7C2F6E06-DD25-4F4D-917C-2B87E36A382E}.Debug|Win32.Build.0 = Debug|Win32
		{7C2F6E06-DD25-4F4D-917C-2B87E36A382E}.Release|Win32.ActiveCfg = Release|Win32
		{7C2F6E06-DD25-4F4D-917C-2B87E36A382E}.Release|Win32.Build.0 = Release|Win32
	EndGlobalSection
	GlobalSection(SolutionProperties) = preSolution
		HideSolutionNode = FALSE
	EndGlobalSection
EndGlobal
